// !$*UTF8*$!
{
	archiveVersion = 1;
	classes = {
	};
	objectVersion = 50;
	objects = {

/* Begin PBXBuildFile section */
		90F3C2FE24975C7100973DB5 /* AppDelegate.swift in Sources */ = {isa = PBXBuildFile; fileRef = 90F3C2FD24975C7100973DB5 /* AppDelegate.swift */; };
		90F3C30224975C7100973DB5 /* MapViewController.swift in Sources */ = {isa = PBXBuildFile; fileRef = 90F3C30124975C7100973DB5 /* MapViewController.swift */; };
		90F3C30524975C7100973DB5 /* Main.storyboard in Resources */ = {isa = PBXBuildFile; fileRef = 90F3C30324975C7100973DB5 /* Main.storyboard */; };
		90F3C30724975C7500973DB5 /* Assets.xcassets in Resources */ = {isa = PBXBuildFile; fileRef = 90F3C30624975C7500973DB5 /* Assets.xcassets */; };
		90F3C30A24975C7500973DB5 /* LaunchScreen.storyboard in Resources */ = {isa = PBXBuildFile; fileRef = 90F3C30824975C7500973DB5 /* LaunchScreen.storyboard */; };
		90F3C31524975C7500973DB5 /* MapDemoTests.swift in Sources */ = {isa = PBXBuildFile; fileRef = 90F3C31424975C7500973DB5 /* MapDemoTests.swift */; };
		90F3C32024975C7500973DB5 /* MapDemoUITests.swift in Sources */ = {isa = PBXBuildFile; fileRef = 90F3C31F24975C7500973DB5 /* MapDemoUITests.swift */; };
		90F3C32E2497801700973DB5 /* GradientPathRenderer.swift in Sources */ = {isa = PBXBuildFile; fileRef = 90F3C32D2497801700973DB5 /* GradientPathRenderer.swift */; };
/* End PBXBuildFile section */

/* Begin PBXContainerItemProxy section */
		90F3C31124975C7500973DB5 /* PBXContainerItemProxy */ = {
			isa = PBXContainerItemProxy;
			containerPortal = 90F3C2F224975C7100973DB5 /* Project object */;
			proxyType = 1;
			remoteGlobalIDString = 90F3C2F924975C7100973DB5;
			remoteInfo = MapDemo;
		};
		90F3C31C24975C7500973DB5 /* PBXContainerItemProxy */ = {
			isa = PBXContainerItemProxy;
			containerPortal = 90F3C2F224975C7100973DB5 /* Project object */;
			proxyType = 1;
			remoteGlobalIDString = 90F3C2F924975C7100973DB5;
			remoteInfo = MapDemo;
		};
/* End PBXContainerItemProxy section */

/* Begin PBXFileReference section */
		90F3C2FA24975C7100973DB5 /* MapDemo.app */ = {isa = PBXFileReference; explicitFileType = wrapper.application; includeInIndex = 0; path = MapDemo.app; sourceTree = BUILT_PRODUCTS_DIR; };
		90F3C2FD24975C7100973DB5 /* AppDelegate.swift */ = {isa = PBXFileReference; lastKnownFileType = sourcecode.swift; path = AppDelegate.swift; sourceTree = "<group>"; };
		90F3C30124975C7100973DB5 /* MapViewController.swift */ = {isa = PBXFileReference; lastKnownFileType = sourcecode.swift; path = MapViewController.swift; sourceTree = "<group>"; };
		90F3C30424975C7100973DB5 /* Base */ = {isa = PBXFileReference; lastKnownFileType = file.storyboard; name = Base; path = Base.lproj/Main.storyboard; sourceTree = "<group>"; };
		90F3C30624975C7500973DB5 /* Assets.xcassets */ = {isa = PBXFileReference; lastKnownFileType = folder.assetcatalog; path = Assets.xcassets; sourceTree = "<group>"; };
		90F3C30924975C7500973DB5 /* Base */ = {isa = PBXFileReference; lastKnownFileType = file.storyboard; name = Base; path = Base.lproj/LaunchScreen.storyboard; sourceTree = "<group>"; };
		90F3C30B24975C7500973DB5 /* Info.plist */ = {isa = PBXFileReference; lastKnownFileType = text.plist.xml; path = Info.plist; sourceTree = "<group>"; };
		90F3C31024975C7500973DB5 /* MapDemoTests.xctest */ = {isa = PBXFileReference; explicitFileType = wrapper.cfbundle; includeInIndex = 0; path = MapDemoTests.xctest; sourceTree = BUILT_PRODUCTS_DIR; };
		90F3C31424975C7500973DB5 /* MapDemoTests.swift */ = {isa = PBXFileReference; lastKnownFileType = sourcecode.swift; path = MapDemoTests.swift; sourceTree = "<group>"; };
		90F3C31624975C7500973DB5 /* Info.plist */ = {isa = PBXFileReference; lastKnownFileType = text.plist.xml; path = Info.plist; sourceTree = "<group>"; };
		90F3C31B24975C7500973DB5 /* MapDemoUITests.xctest */ = {isa = PBXFileReference; explicitFileType = wrapper.cfbundle; includeInIndex = 0; path = MapDemoUITests.xctest; sourceTree = BUILT_PRODUCTS_DIR; };
		90F3C31F24975C7500973DB5 /* MapDemoUITests.swift */ = {isa = PBXFileReference; lastKnownFileType = sourcecode.swift; path = MapDemoUITests.swift; sourceTree = "<group>"; };
		90F3C32124975C7500973DB5 /* Info.plist */ = {isa = PBXFileReference; lastKnownFileType = text.plist.xml; path = Info.plist; sourceTree = "<group>"; };
		90F3C32D2497801700973DB5 /* GradientPathRenderer.swift */ = {isa = PBXFileReference; fileEncoding = 4; lastKnownFileType = sourcecode.swift; path = GradientPathRenderer.swift; sourceTree = "<group>"; };
/* End PBXFileReference section */

/* Begin PBXFrameworksBuildPhase section */
		90F3C2F724975C7100973DB5 /* Frameworks */ = {
			isa = PBXFrameworksBuildPhase;
			buildActionMask = 2147483647;
			files = (
			);
			runOnlyForDeploymentPostprocessing = 0;
		};
		90F3C30D24975C7500973DB5 /* Frameworks */ = {
			isa = PBXFrameworksBuildPhase;
			buildActionMask = 2147483647;
			files = (
			);
			runOnlyForDeploymentPostprocessing = 0;
		};
		90F3C31824975C7500973DB5 /* Frameworks */ = {
			isa = PBXFrameworksBuildPhase;
			buildActionMask = 2147483647;
			files = (
			);
			runOnlyForDeploymentPostprocessing = 0;
		};
/* End PBXFrameworksBuildPhase section */

/* Begin PBXGroup section */
		90F3C2F124975C7100973DB5 = {
			isa = PBXGroup;
			children = (
				90F3C2FC24975C7100973DB5 /* MapDemo */,
				90F3C31324975C7500973DB5 /* MapDemoTests */,
				90F3C31E24975C7500973DB5 /* MapDemoUITests */,
				90F3C2FB24975C7100973DB5 /* Products */,
			);
			sourceTree = "<group>";
		};
		90F3C2FB24975C7100973DB5 /* Products */ = {
			isa = PBXGroup;
			children = (
				90F3C2FA24975C7100973DB5 /* MapDemo.app */,
				90F3C31024975C7500973DB5 /* MapDemoTests.xctest */,
				90F3C31B24975C7500973DB5 /* MapDemoUITests.xctest */,
			);
			name = Products;
			sourceTree = "<group>";
		};
		90F3C2FC24975C7100973DB5 /* MapDemo */ = {
			isa = PBXGroup;
			children = (
				90F3C2FD24975C7100973DB5 /* AppDelegate.swift */,
				90F3C32D2497801700973DB5 /* GradientPathRenderer.swift */,
				90F3C30124975C7100973DB5 /* MapViewController.swift */,
				90F3C30324975C7100973DB5 /* Main.storyboard */,
				90F3C30624975C7500973DB5 /* Assets.xcassets */,
				90F3C30824975C7500973DB5 /* LaunchScreen.storyboard */,
				90F3C30B24975C7500973DB5 /* Info.plist */,
			);
			path = MapDemo;
			sourceTree = "<group>";
		};
		90F3C31324975C7500973DB5 /* MapDemoTests */ = {
			isa = PBXGroup;
			children = (
				90F3C31424975C7500973DB5 /* MapDemoTests.swift */,
				90F3C31624975C7500973DB5 /* Info.plist */,
			);
			path = MapDemoTests;
			sourceTree = "<group>";
		};
		90F3C31E24975C7500973DB5 /* MapDemoUITests */ = {
			isa = PBXGroup;
			children = (
				90F3C31F24975C7500973DB5 /* MapDemoUITests.swift */,
				90F3C32124975C7500973DB5 /* Info.plist */,
			);
			path = MapDemoUITests;
			sourceTree = "<group>";
		};
/* End PBXGroup section */

/* Begin PBXNativeTarget section */
		90F3C2F924975C7100973DB5 /* MapDemo */ = {
			isa = PBXNativeTarget;
			buildConfigurationList = 90F3C32424975C7500973DB5 /* Build configuration list for PBXNativeTarget "MapDemo" */;
			buildPhases = (
				90F3C2F624975C7100973DB5 /* Sources */,
				90F3C2F724975C7100973DB5 /* Frameworks */,
				90F3C2F824975C7100973DB5 /* Resources */,
			);
			buildRules = (
			);
			dependencies = (
			);
			name = MapDemo;
			productName = MapDemo;
			productReference = 90F3C2FA24975C7100973DB5 /* MapDemo.app */;
			productType = "com.apple.product-type.application";
		};
		90F3C30F24975C7500973DB5 /* MapDemoTests */ = {
			isa = PBXNativeTarget;
			buildConfigurationList = 90F3C32724975C7500973DB5 /* Build configuration list for PBXNativeTarget "MapDemoTests" */;
			buildPhases = (
				90F3C30C24975C7500973DB5 /* Sources */,
				90F3C30D24975C7500973DB5 /* Frameworks */,
				90F3C30E24975C7500973DB5 /* Resources */,
			);
			buildRules = (
			);
			dependencies = (
				90F3C31224975C7500973DB5 /* PBXTargetDependency */,
			);
			name = MapDemoTests;
			productName = MapDemoTests;
			productReference = 90F3C31024975C7500973DB5 /* MapDemoTests.xctest */;
			productType = "com.apple.product-type.bundle.unit-test";
		};
		90F3C31A24975C7500973DB5 /* MapDemoUITests */ = {
			isa = PBXNativeTarget;
			buildConfigurationList = 90F3C32A24975C7500973DB5 /* Build configuration list for PBXNativeTarget "MapDemoUITests" */;
			buildPhases = (
				90F3C31724975C7500973DB5 /* Sources */,
				90F3C31824975C7500973DB5 /* Frameworks */,
				90F3C31924975C7500973DB5 /* Resources */,
			);
			buildRules = (
			);
			dependencies = (
				90F3C31D24975C7500973DB5 /* PBXTargetDependency */,
			);
			name = MapDemoUITests;
			productName = MapDemoUITests;
			productReference = 90F3C31B24975C7500973DB5 /* MapDemoUITests.xctest */;
			productType = "com.apple.product-type.bundle.ui-testing";
		};
/* End PBXNativeTarget section */

/* Begin PBXProject section */
		90F3C2F224975C7100973DB5 /* Project object */ = {
			isa = PBXProject;
			attributes = {
				LastSwiftUpdateCheck = 1130;
				LastUpgradeCheck = 1130;
				ORGANIZATIONNAME = "Sanjeet Verma";
				TargetAttributes = {
					90F3C2F924975C7100973DB5 = {
						CreatedOnToolsVersion = 11.3.1;
					};
					90F3C30F24975C7500973DB5 = {
						CreatedOnToolsVersion = 11.3.1;
						TestTargetID = 90F3C2F924975C7100973DB5;
					};
					90F3C31A24975C7500973DB5 = {
						CreatedOnToolsVersion = 11.3.1;
						TestTargetID = 90F3C2F924975C7100973DB5;
					};
				};
			};
			buildConfigurationList = 90F3C2F524975C7100973DB5 /* Build configuration list for PBXProject "MapDemo" */;
			compatibilityVersion = "Xcode 9.3";
			developmentRegion = en;
			hasScannedForEncodings = 0;
			knownRegions = (
				en,
				Base,
			);
			mainGroup = 90F3C2F124975C7100973DB5;
			productRefGroup = 90F3C2FB24975C7100973DB5 /* Products */;
			projectDirPath = "";
			projectRoot = "";
			targets = (
				90F3C2F924975C7100973DB5 /* MapDemo */,
				90F3C30F24975C7500973DB5 /* MapDemoTests */,
				90F3C31A24975C7500973DB5 /* MapDemoUITests */,
			);
		};
/* End PBXProject section */

/* Begin PBXResourcesBuildPhase section */
		90F3C2F824975C7100973DB5 /* Resources */ = {
			isa = PBXResourcesBuildPhase;
			buildActionMask = 2147483647;
			files = (
				90F3C30A24975C7500973DB5 /* LaunchScreen.storyboard in Resources */,
				90F3C30724975C7500973DB5 /* Assets.xcassets in Resources */,
				90F3C30524975C7100973DB5 /* Main.storyboard in Resources */,
			);
			runOnlyForDeploymentPostprocessing = 0;
		};
		90F3C30E24975C7500973DB5 /* Resources */ = {
			isa = PBXResourcesBuildPhase;
			buildActionMask = 2147483647;
			files = (
			);
			runOnlyForDeploymentPostprocessing = 0;
		};
		90F3C31924975C7500973DB5 /* Resources */ = {
			isa = PBXResourcesBuildPhase;
			buildActionMask = 2147483647;
			files = (
			);
			runOnlyForDeploymentPostprocessing = 0;
		};
/* End PBXResourcesBuildPhase section */

/* Begin PBXSourcesBuildPhase section */
		90F3C2F624975C7100973DB5 /* Sources */ = {
			isa = PBXSourcesBuildPhase;
			buildActionMask = 2147483647;
			files = (
				90F3C30224975C7100973DB5 /* MapViewController.swift in Sources */,
				90F3C2FE24975C7100973DB5 /* AppDelegate.swift in Sources */,
				90F3C32E2497801700973DB5 /* GradientPathRenderer.swift in Sources */,
			);
			runOnlyForDeploymentPostprocessing = 0;
		};
		90F3C30C24975C7500973DB5 /* Sources */ = {
			isa = PBXSourcesBuildPhase;
			buildActionMask = 2147483647;
			files = (
				90F3C31524975C7500973DB5 /* MapDemoTests.swift in Sources */,
			);
			runOnlyForDeploymentPostprocessing = 0;
		};
		90F3C31724975C7500973DB5 /* Sources */ = {
			isa = PBXSourcesBuildPhase;
			buildActionMask = 2147483647;
			files = (
				90F3C32024975C7500973DB5 /* MapDemoUITests.swift in Sources */,
			);
			runOnlyForDeploymentPostprocessing = 0;
		};
/* End PBXSourcesBuildPhase section */

/* Begin PBXTargetDependency section */
		90F3C31224975C7500973DB5 /* PBXTargetDependency */ = {
			isa = PBXTargetDependency;
			target = 90F3C2F924975C7100973DB5 /* MapDemo */;
			targetProxy = 90F3C31124975C7500973DB5 /* PBXContainerItemProxy */;
		};
		90F3C31D24975C7500973DB5 /* PBXTargetDependency */ = {
			isa = PBXTargetDependency;
			target = 90F3C2F924975C7100973DB5 /* MapDemo */;
			targetProxy = 90F3C31C24975C7500973DB5 /* PBXContainerItemProxy */;
		};
/* End PBXTargetDependency section */

/* Begin PBXVariantGroup section */
		90F3C30324975C7100973DB5 /* Main.storyboard */ = {
			isa = PBXVariantGroup;
			children = (
				90F3C30424975C7100973DB5 /* Base */,
			);
			name = Main.storyboard;
			sourceTree = "<group>";
		};
		90F3C30824975C7500973DB5 /* LaunchScreen.storyboard */ = {
			isa = PBXVariantGroup;
			children = (
				90F3C30924975C7500973DB5 /* Base */,
			);
			name = LaunchScreen.storyboard;
			sourceTree = "<group>";
		};
/* End PBXVariantGroup section */

/* Begin XCBuildConfiguration section */
		90F3C32224975C7500973DB5 /* Debug */ = {
			isa = XCBuildConfiguration;
			buildSettings = {
				ALWAYS_SEARCH_USER_PATHS = NO;
				CLANG_ANALYZER_NONNULL = YES;
				CLANG_ANALYZER_NUMBER_OBJECT_CONVERSION = YES_AGGRESSIVE;
				CLANG_CXX_LANGUAGE_STANDARD = "gnu++14";
				CLANG_CXX_LIBRARY = "libc++";
				CLANG_ENABLE_MODULES = YES;
				CLANG_ENABLE_OBJC_ARC = YES;
				CLANG_ENABLE_OBJC_WEAK = YES;
				CLANG_WARN_BLOCK_CAPTURE_AUTORELEASING = YES;
				CLANG_WARN_BOOL_CONVERSION = YES;
				CLANG_WARN_COMMA = YES;
				CLANG_WARN_CONSTANT_CONVERSION = YES;
				CLANG_WARN_DEPRECATED_OBJC_IMPLEMENTATIONS = YES;
				CLANG_WARN_DIRECT_OBJC_ISA_USAGE = YES_ERROR;
				CLANG_WARN_DOCUMENTATION_COMMENTS = YES;
				CLANG_WARN_EMPTY_BODY = YES;
				CLANG_WARN_ENUM_CONVERSION = YES;
				CLANG_WARN_INFINITE_RECURSION = YES;
				CLANG_WARN_INT_CONVERSION = YES;
				CLANG_WARN_NON_LITERAL_NULL_CONVERSION = YES;
				CLANG_WARN_OBJC_IMPLICIT_RETAIN_SELF = YES;
				CLANG_WARN_OBJC_LITERAL_CONVERSION = YES;
				CLANG_WARN_OBJC_ROOT_CLASS = YES_ERROR;
				CLANG_WARN_RANGE_LOOP_ANALYSIS = YES;
				CLANG_WARN_STRICT_PROTOTYPES = YES;
				CLANG_WARN_SUSPICIOUS_MOVE = YES;
				CLANG_WARN_UNGUARDED_AVAILABILITY = YES_AGGRESSIVE;
				CLANG_WARN_UNREACHABLE_CODE = YES;
				CLANG_WARN__DUPLICATE_METHOD_MATCH = YES;
				COPY_PHASE_STRIP = NO;
				DEBUG_INFORMATION_FORMAT = dwarf;
				ENABLE_STRICT_OBJC_MSGSEND = YES;
				ENABLE_TESTABILITY = YES;
				GCC_C_LANGUAGE_STANDARD = gnu11;
				GCC_DYNAMIC_NO_PIC = NO;
				GCC_NO_COMMON_BLOCKS = YES;
				GCC_OPTIMIZATION_LEVEL = 0;
				GCC_PREPROCESSOR_DEFINITIONS = (
					"DEBUG=1",
					"$(inherited)",
				);
				GCC_WARN_64_TO_32_BIT_CONVERSION = YES;
				GCC_WARN_ABOUT_RETURN_TYPE = YES_ERROR;
				GCC_WARN_UNDECLARED_SELECTOR = YES;
				GCC_WARN_UNINITIALIZED_AUTOS = YES_AGGRESSIVE;
				GCC_WARN_UNUSED_FUNCTION = YES;
				GCC_WARN_UNUSED_VARIABLE = YES;
				IPHONEOS_DEPLOYMENT_TARGET = 13.2;
				MTL_ENABLE_DEBUG_INFO = INCLUDE_SOURCE;
				MTL_FAST_MATH = YES;
				ONLY_ACTIVE_ARCH = YES;
				SDKROOT = iphoneos;
				SWIFT_ACTIVE_COMPILATION_CONDITIONS = DEBUG;
				SWIFT_OPTIMIZATION_LEVEL = "-Onone";
			};
			name = Debug;
		};
		90F3C32324975C7500973DB5 /* Release */ = {
			isa = XCBuildConfiguration;
			buildSettings = {
				ALWAYS_SEARCH_USER_PATHS = NO;
				CLANG_ANALYZER_NONNULL = YES;
				CLANG_ANALYZER_NUMBER_OBJECT_CONVERSION = YES_AGGRESSIVE;
				CLANG_CXX_LANGUAGE_STANDARD = "gnu++14";
				CLANG_CXX_LIBRARY = "libc++";
				CLANG_ENABLE_MODULES = YES;
				CLANG_ENABLE_OBJC_ARC = YES;
				CLANG_ENABLE_OBJC_WEAK = YES;
				CLANG_WARN_BLOCK_CAPTURE_AUTORELEASING = YES;
				CLANG_WARN_BOOL_CONVERSION = YES;
				CLANG_WARN_COMMA = YES;
				CLANG_WARN_CONSTANT_CONVERSION = YES;
				CLANG_WARN_DEPRECATED_OBJC_IMPLEMENTATIONS = YES;
				CLANG_WARN_DIRECT_OBJC_ISA_USAGE = YES_ERROR;
				CLANG_WARN_DOCUMENTATION_COMMENTS = YES;
				CLANG_WARN_EMPTY_BODY = YES;
				CLANG_WARN_ENUM_CONVERSION = YES;
				CLANG_WARN_INFINITE_RECURSION = YES;
				CLANG_WARN_INT_CONVERSION = YES;
				CLANG_WARN_NON_LITERAL_NULL_CONVERSION = YES;
				CLANG_WARN_OBJC_IMPLICIT_RETAIN_SELF = YES;
				CLANG_WARN_OBJC_LITERAL_CONVERSION = YES;
				CLANG_WARN_OBJC_ROOT_CLASS = YES_ERROR;
				CLANG_WARN_RANGE_LOOP_ANALYSIS = YES;
				CLANG_WARN_STRICT_PROTOTYPES = YES;
				CLANG_WARN_SUSPICIOUS_MOVE = YES;
				CLANG_WARN_UNGUARDED_AVAILABILITY = YES_AGGRESSIVE;
				CLANG_WARN_UNREACHABLE_CODE = YES;
				CLANG_WARN__DUPLICATE_METHOD_MATCH = YES;
				COPY_PHASE_STRIP = NO;
				DEBUG_INFORMATION_FORMAT = "dwarf-with-dsym";
				ENABLE_NS_ASSERTIONS = NO;
				ENABLE_STRICT_OBJC_MSGSEND = YES;
				GCC_C_LANGUAGE_STANDARD = gnu11;
				GCC_NO_COMMON_BLOCKS = YES;
				GCC_WARN_64_TO_32_BIT_CONVERSION = YES;
				GCC_WARN_ABOUT_RETURN_TYPE = YES_ERROR;
				GCC_WARN_UNDECLARED_SELECTOR = YES;
				GCC_WARN_UNINITIALIZED_AUTOS = YES_AGGRESSIVE;
				GCC_WARN_UNUSED_FUNCTION = YES;
				GCC_WARN_UNUSED_VARIABLE = YES;
				IPHONEOS_DEPLOYMENT_TARGET = 13.2;
				MTL_ENABLE_DEBUG_INFO = NO;
				MTL_FAST_MATH = YES;
				SDKROOT = iphoneos;
				SWIFT_COMPILATION_MODE = wholemodule;
				SWIFT_OPTIMIZATION_LEVEL = "-O";
				VALIDATE_PRODUCT = YES;
			};
			name = Release;
		};
		90F3C32524975C7500973DB5 /* Debug */ = {
			isa = XCBuildConfiguration;
			buildSettings = {
				ASSETCATALOG_COMPILER_APPICON_NAME = AppIcon;
				CODE_SIGN_IDENTITY = "iPhone Developer";
				CODE_SIGN_STYLE = Manual;
				DEVELOPMENT_TEAM = U5YJ5B263V;
				INFOPLIST_FILE = MapDemo/Info.plist;
				IPHONEOS_DEPLOYMENT_TARGET = 10.0;
				LD_RUNPATH_SEARCH_PATHS = (
					"$(inherited)",
					"@executable_path/Frameworks",
				);
				PRODUCT_BUNDLE_IDENTIFIER = com.cleany;
				PRODUCT_NAME = "$(TARGET_NAME)";
				PROVISIONING_PROFILE_SPECIFIER = Cleany_development;
				SWIFT_VERSION = 5.0;
				TARGETED_DEVICE_FAMILY = "1,2";
			};
			name = Debug;
		};
		90F3C32624975C7500973DB5 /* Release */ = {
			isa = XCBuildConfiguration;
			buildSettings = {
				ASSETCATALOG_COMPILER_APPICON_NAME = AppIcon;
				CODE_SIGN_IDENTITY = "iPhone Developer";
				CODE_SIGN_STYLE = Manual;
				DEVELOPMENT_TEAM = U5YJ5B263V;
				INFOPLIST_FILE = MapDemo/Info.plist;
				IPHONEOS_DEPLOYMENT_TARGET = 10.0;
				LD_RUNPATH_SEARCH_PATHS = (
					"$(inherited)",
					"@executable_path/Frameworks",
				);
				PRODUCT_BUNDLE_IDENTIFIER = com.cleany;
				PRODUCT_NAME = "$(TARGET_NAME)";
				PROVISIONING_PROFILE_SPECIFIER = Cleany_development;
				SWIFT_VERSION = 5.0;
				TARGETED_DEVICE_FAMILY = "1,2";
			};
			name = Release;
		};
		90F3C32824975C7500973DB5 /* Debug */ = {
			isa = XCBuildConfiguration;
			buildSettings = {
				ALWAYS_EMBED_SWIFT_STANDARD_LIBRARIES = YES;
				BUNDLE_LOADER = "$(TEST_HOST)";
				CODE_SIGN_STYLE = Automatic;
				INFOPLIST_FILE = MapDemoTests/Info.plist;
				IPHONEOS_DEPLOYMENT_TARGET = 13.2;
				LD_RUNPATH_SEARCH_PATHS = (
					"$(inherited)",
					"@executable_path/Frameworks",
					"@loader_path/Frameworks",
				);
				PRODUCT_BUNDLE_IDENTIFIER = com.demo.MapDemoTests;
				PRODUCT_NAME = "$(TARGET_NAME)";
				SWIFT_VERSION = 5.0;
				TARGETED_DEVICE_FAMILY = "1,2";
				TEST_HOST = "$(BUILT_PRODUCTS_DIR)/MapDemo.app/MapDemo";
			};
			name = Debug;
		};
		90F3C32924975C7500973DB5 /* Release */ = {
			isa = XCBuildConfiguration;
			buildSettings = {
				ALWAYS_EMBED_SWIFT_STANDARD_LIBRARIES = YES;
				BUNDLE_LOADER = "$(TEST_HOST)";
				CODE_SIGN_STYLE = Automatic;
				INFOPLIST_FILE = MapDemoTests/Info.plist;
				IPHONEOS_DEPLOYMENT_TARGET = 13.2;
				LD_RUNPATH_SEARCH_PATHS = (
					"$(inherited)",
					"@executable_path/Frameworks",
					"@loader_path/Frameworks",
				);
				PRODUCT_BUNDLE_IDENTIFIER = com.demo.MapDemoTests;
				PRODUCT_NAME = "$(TARGET_NAME)";
				SWIFT_VERSION = 5.0;
				TARGETED_DEVICE_FAMILY = "1,2";
				TEST_HOST = "$(BUILT_PRODUCTS_DIR)/MapDemo.app/MapDemo";
			};
			name = Release;
		};
		90F3C32B24975C7500973DB5 /* Debug */ = {
			isa = XCBuildConfiguration;
			buildSettings = {
				ALWAYS_EMBED_SWIFT_STANDARD_LIBRARIES = YES;
				CODE_SIGN_STYLE = Automatic;
				INFOPLIST_FILE = MapDemoUITests/Info.plist;
				LD_RUNPATH_SEARCH_PATHS = (
					"$(inherited)",
					"@executable_path/Frameworks",
					"@loader_path/Frameworks",
				);
				PRODUCT_BUNDLE_IDENTIFIER = com.demo.MapDemoUITests;
				PRODUCT_NAME = "$(TARGET_NAME)";
				SWIFT_VERSION = 5.0;
				TARGETED_DEVICE_FAMILY = "1,2";
				TEST_TARGET_NAME = MapDemo;
			};
			name = Debug;
		};
		90F3C32C24975C7500973DB5 /* Release */ = {
			isa = XCBuildConfiguration;
			buildSettings = {
				ALWAYS_EMBED_SWIFT_STANDARD_LIBRARIES = YES;
				CODE_SIGN_STYLE = Automatic;
				INFOPLIST_FILE = MapDemoUITests/Info.plist;
				LD_RUNPATH_SEARCH_PATHS = (
					"$(inherited)",
					"@executable_path/Frameworks",
					"@loader_path/Frameworks",
				);
				PRODUCT_BUNDLE_IDENTIFIER = com.demo.MapDemoUITests;
				PRODUCT_NAME = "$(TARGET_NAME)";
				SWIFT_VERSION = 5.0;
				TARGETED_DEVICE_FAMILY = "1,2";
				TEST_TARGET_NAME = MapDemo;
			};
			name = Release;
		};
/* End XCBuildConfiguration section */

/* Begin XCConfigurationList section */
		90F3C2F524975C7100973DB5 /* Build configuration list for PBXProject "MapDemo" */ = {
			isa = XCConfigurationList;
			buildConfigurations = (
				90F3C32224975C7500973DB5 /* Debug */,
				90F3C32324975C7500973DB5 /* Release */,
			);
			defaultConfigurationIsVisible = 0;
			defaultConfigurationName = Release;
		};
		90F3C32424975C7500973DB5 /* Build configuration list for PBXNativeTarget "MapDemo" */ = {
			isa = XCConfigurationList;
			buildConfigurations = (
				90F3C32524975C7500973DB5 /* Debug */,
				90F3C32624975C7500973DB5 /* Release */,
			);
			defaultConfigurationIsVisible = 0;
			defaultConfigurationName = Release;
		};
		90F3C32724975C7500973DB5 /* Build configuration list for PBXNativeTarget "MapDemoTests" */ = {
			isa = XCConfigurationList;
			buildConfigurations = (
				90F3C32824975C7500973DB5 /* Debug */,
				90F3C32924975C7500973DB5 /* Release */,
			);
			defaultConfigurationIsVisible = 0;
			defaultConfigurationName = Release;
		};
		90F3C32A24975C7500973DB5 /* Build configuration list for PBXNativeTarget "MapDemoUITests" */ = {
			isa = XCConfigurationList;
			buildConfigurations = (
				90F3C32B24975C7500973DB5 /* Debug */,
				90F3C32C24975C7500973DB5 /* Release */,
			);
			defaultConfigurationIsVisible = 0;
			defaultConfigurationName = Release;
		};
/* End XCConfigurationList section */
	};
	rootObject = 90F3C2F224975C7100973DB5 /* Project object */;
}
